
Microsoft Visual Studio Solution File, Format Version 12.00
# Visual Studio Version 16
VisualStudioVersion = 16.0.30320.27
MinimumVisualStudioVersion = 10.0.40219.1
Project("{9A19103F-16F7-4668-BE54-9A1E7A4F7556}") = "AvaloniaUI.Ribbon", "AvaloniaUI.Ribbon\AvaloniaUI.Ribbon.csproj", "{A6BA662F-CDFF-41AB-A3B1-27A3CEB087B8}"
EndProject
Project("{9A19103F-16F7-4668-BE54-9A1E7A4F7556}") = "Materialfile", "Materialfile\Materialfile.csproj", "{2F718873-B264-4D96-89F3-F5A6956ED9B4}"
EndProject
Project("{9A19103F-16F7-4668-BE54-9A1E7A4F7556}") = "Materialfile.filereader", "Materialfile.filereaders\Materialfile.filereader.csproj", "{A5247EDC-86F8-4D92-A232-81820C9FA6C5}"
EndProject
Global
	GlobalSection(SolutionConfigurationPlatforms) = preSolution
		Debug|Any CPU = Debug|Any CPU
		Release|Any CPU = Release|Any CPU
	EndGlobalSection
	GlobalSection(ProjectConfigurationPlatforms) = postSolution
		{A6BA662F-CDFF-41AB-A3B1-27A3CEB087B8}.Debug|Any CPU.ActiveCfg = Debug|Any CPU
		{A6BA662F-CDFF-41AB-A3B1-27A3CEB087B8}.Debug|Any CPU.Build.0 = Debug|Any CPU
		{A6BA662F-CDFF-41AB-A3B1-27A3CEB087B8}.Release|Any CPU.ActiveCfg = Release|Any CPU
		{A6BA662F-CDFF-41AB-A3B1-27A3CEB087B8}.Release|Any CPU.Build.0 = Release|Any CPU
		{2F718873-B264-4D96-89F3-F5A6956ED9B4}.Debug|Any CPU.ActiveCfg = Debug|Any CPU
		{2F718873-B264-4D96-89F3-F5A6956ED9B4}.Debug|Any CPU.Build.0 = Debug|Any CPU
		{2F718873-B264-4D96-89F3-F5A6956ED9B4}.Release|Any CPU.ActiveCfg = Release|Any CPU
		{2F718873-B264-4D96-89F3-F5A6956ED9B4}.Release|Any CPU.Build.0 = Release|Any CPU
		{A5247EDC-86F8-4D92-A232-81820C9FA6C5}.Debug|Any CPU.ActiveCfg = Debug|Any CPU
		{A5247EDC-86F8-4D92-A232-81820C9FA6C5}.Debug|Any CPU.Build.0 = Debug|Any CPU
		{A5247EDC-86F8-4D92-A232-81820C9FA6C5}.Release|Any CPU.ActiveCfg = Release|Any CPU
		{A5247EDC-86F8-4D92-A232-81820C9FA6C5}.Release|Any CPU.Build.0 = Release|Any CPU
	EndGlobalSection
	GlobalSection(SolutionProperties) = preSolution
		HideSolutionNode = FALSE
	EndGlobalSection
	GlobalSection(ExtensibilityGlobals) = postSolution
		SolutionGuid = {2DAF00FA-D131-417D-BF61-2657E1F54FCA}
	EndGlobalSection
EndGlobal
