
Microsoft Visual Studio Solution File, Format Version 12.00
# Visual Studio Version 16
VisualStudioVersion = 16.0.30320.27
MinimumVisualStudioVersion = 10.0.40219.1
Project("{9A19103F-16F7-4668-BE54-9A1E7A4F7556}") = "Win file test", "Win file test.csproj", "{5C80D776-3FD9-4F06-9245-0B876861E31A}"
EndProject
Project("{9A19103F-16F7-4668-BE54-9A1E7A4F7556}") = "file readers", "file readers\file readers.csproj", "{16F17975-DAEE-4CD8-9442-9D090486A467}"
EndProject
Global
	GlobalSection(SolutionConfigurationPlatforms) = preSolution
		Debug|Any CPU = Debug|Any CPU
		Release|Any CPU = Release|Any CPU
	EndGlobalSection
	GlobalSection(ProjectConfigurationPlatforms) = postSolution
		{5C80D776-3FD9-4F06-9245-0B876861E31A}.Debug|Any CPU.ActiveCfg = Debug|Any CPU
		{5C80D776-3FD9-4F06-9245-0B876861E31A}.Debug|Any CPU.Build.0 = Debug|Any CPU
		{5C80D776-3FD9-4F06-9245-0B876861E31A}.Release|Any CPU.ActiveCfg = Release|Any CPU
		{5C80D776-3FD9-4F06-9245-0B876861E31A}.Release|Any CPU.Build.0 = Release|Any CPU
		{16F17975-DAEE-4CD8-9442-9D090486A467}.Debug|Any CPU.ActiveCfg = Debug|Any CPU
		{16F17975-DAEE-4CD8-9442-9D090486A467}.Debug|Any CPU.Build.0 = Debug|Any CPU
		{16F17975-DAEE-4CD8-9442-9D090486A467}.Release|Any CPU.ActiveCfg = Release|Any CPU
		{16F17975-DAEE-4CD8-9442-9D090486A467}.Release|Any CPU.Build.0 = Release|Any CPU
	EndGlobalSection
	GlobalSection(SolutionProperties) = preSolution
		HideSolutionNode = FALSE
	EndGlobalSection
	GlobalSection(ExtensibilityGlobals) = postSolution
		SolutionGuid = {2DAF00FA-D131-417D-BF61-2657E1F54FCA}
	EndGlobalSection
EndGlobal
